
Microsoft Visual Studio Solution File, Format Version 12.00
# Visual Studio Version 17
VisualStudioVersion = 17.6.33801.468
MinimumVisualStudioVersion = 10.0.40219.1
Project("{FAE04EC0-301F-11D3-BF4B-00C04F79EFBC}") = "SwitchboardSimulation", "SwitchboardSimulation\SwitchboardSimulation.csproj", "{88066B2E-3E22-4D29-88FE-86C396D1E4D3}"
EndProject
Project("{FAE04EC0-301F-11D3-BF4B-00C04F79EFBC}") = "SwitchboardSimulation.Models", "SwitchboardSimulation.Models\SwitchboardSimulation.Models.csproj", "{E75219E3-CFB4-4C87-ADDD-D3ADDE025190}"
EndProject
Project("{FAE04EC0-301F-11D3-BF4B-00C04F79EFBC}") = "SwitchboardSimulation.Views", "SwitchboardSimulation.Views\SwitchboardSimulation.Views.csproj", "{D6996C84-D301-42A8-A9B2-728E13625843}"
EndProject
Project("{FAE04EC0-301F-11D3-BF4B-00C04F79EFBC}") = "SwitchboardSimulation.Utilities", "SwitchboardSimulation.Utilities\SwitchboardSimulation.Utilities.csproj", "{3765907E-7EA1-4A32-92AD-A930CF661A68}"
EndProject
Project("{FAE04EC0-301F-11D3-BF4B-00C04F79EFBC}") = "SwitchboardSimulation.Services", "SwitchboardSimulation.Services\SwitchboardSimulation.Services.csproj", "{D9391E60-F2EE-40D0-9831-48C479258F01}"
EndProject
Global
	GlobalSection(SolutionConfigurationPlatforms) = preSolution
		Debug|Any CPU = Debug|Any CPU
		Release|Any CPU = Release|Any CPU
	EndGlobalSection
	GlobalSection(ProjectConfigurationPlatforms) = postSolution
		{88066B2E-3E22-4D29-88FE-86C396D1E4D3}.Debug|Any CPU.ActiveCfg = Debug|Any CPU
		{88066B2E-3E22-4D29-88FE-86C396D1E4D3}.Debug|Any CPU.Build.0 = Debug|Any CPU
		{88066B2E-3E22-4D29-88FE-86C396D1E4D3}.Release|Any CPU.ActiveCfg = Release|Any CPU
		{88066B2E-3E22-4D29-88FE-86C396D1E4D3}.Release|Any CPU.Build.0 = Release|Any CPU
		{E75219E3-CFB4-4C87-ADDD-D3ADDE025190}.Debug|Any CPU.ActiveCfg = Debug|Any CPU
		{E75219E3-CFB4-4C87-ADDD-D3ADDE025190}.Debug|Any CPU.Build.0 = Debug|Any CPU
		{E75219E3-CFB4-4C87-ADDD-D3ADDE025190}.Release|Any CPU.ActiveCfg = Release|Any CPU
		{E75219E3-CFB4-4C87-ADDD-D3ADDE025190}.Release|Any CPU.Build.0 = Release|Any CPU
		{D6996C84-D301-42A8-A9B2-728E13625843}.Debug|Any CPU.ActiveCfg = Debug|Any CPU
		{D6996C84-D301-42A8-A9B2-728E13625843}.Debug|Any CPU.Build.0 = Debug|Any CPU
		{D6996C84-D301-42A8-A9B2-728E13625843}.Release|Any CPU.ActiveCfg = Release|Any CPU
		{D6996C84-D301-42A8-A9B2-728E13625843}.Release|Any CPU.Build.0 = Release|Any CPU
		{3765907E-7EA1-4A32-92AD-A930CF661A68}.Debug|Any CPU.ActiveCfg = Debug|Any CPU
		{3765907E-7EA1-4A32-92AD-A930CF661A68}.Debug|Any CPU.Build.0 = Debug|Any CPU
		{3765907E-7EA1-4A32-92AD-A930CF661A68}.Release|Any CPU.ActiveCfg = Release|Any CPU
		{3765907E-7EA1-4A32-92AD-A930CF661A68}.Release|Any CPU.Build.0 = Release|Any CPU
		{D9391E60-F2EE-40D0-9831-48C479258F01}.Debug|Any CPU.ActiveCfg = Debug|Any CPU
		{D9391E60-F2EE-40D0-9831-48C479258F01}.Debug|Any CPU.Build.0 = Debug|Any CPU
		{D9391E60-F2EE-40D0-9831-48C479258F01}.Release|Any CPU.ActiveCfg = Release|Any CPU
		{D9391E60-F2EE-40D0-9831-48C479258F01}.Release|Any CPU.Build.0 = Release|Any CPU
	EndGlobalSection
	GlobalSection(SolutionProperties) = preSolution
		HideSolutionNode = FALSE
	EndGlobalSection
	GlobalSection(ExtensibilityGlobals) = postSolution
		SolutionGuid = {0DD87CFB-25F0-4DDA-B5C8-0371C8435C1C}
	EndGlobalSection
EndGlobal
